
Microsoft Visual Studio Solution File, Format Version 12.00
# Visual Studio Version 17
VisualStudioVersion = 17.1.32421.90
MinimumVisualStudioVersion = 10.0.40219.1
Project("{9A19103F-16F7-4668-BE54-9A1E7A4F7556}") = "EX1", "EX1\EX1.csproj", "{598F1A29-6343-41F3-AD84-AEA4D4D8E832}"
EndProject
Project("{9A19103F-16F7-4668-BE54-9A1E7A4F7556}") = "EX2", "EX2\EX2.csproj", "{47C5E247-B168-48B4-BBDA-1724F02576BB}"
EndProject
Project("{9A19103F-16F7-4668-BE54-9A1E7A4F7556}") = "EX3", "EX3\EX3.csproj", "{0BD9B71E-DFAF-4979-94CA-9F322DBC64C2}"
EndProject
Project("{9A19103F-16F7-4668-BE54-9A1E7A4F7556}") = "EX4", "EX4\EX4.csproj", "{CA3CEB07-2A5C-4805-B58C-96A272BD1A0E}"
EndProject
Project("{9A19103F-16F7-4668-BE54-9A1E7A4F7556}") = "EX5", "EX5\EX5.csproj", "{93FD727F-20F8-439B-85F6-BB74EBC7B7C0}"
EndProject
Project("{FAE04EC0-301F-11D3-BF4B-00C04F79EFBC}") = "EX6", "EX6\EX6.csproj", "{287ABF9F-F70D-4EA6-BEC4-0B6B0818EB8C}"
EndProject
Project("{FAE04EC0-301F-11D3-BF4B-00C04F79EFBC}") = "EX7", "EX7\EX7.csproj", "{C8616F8E-6940-4D48-B318-59E5656B3AAF}"
EndProject
Project("{FAE04EC0-301F-11D3-BF4B-00C04F79EFBC}") = "EX8", "EX8\EX8.csproj", "{DA47E158-AC23-48EB-9FEB-548CF4244D87}"
EndProject
Global
	GlobalSection(SolutionConfigurationPlatforms) = preSolution
		Debug|Any CPU = Debug|Any CPU
		Release|Any CPU = Release|Any CPU
	EndGlobalSection
	GlobalSection(ProjectConfigurationPlatforms) = postSolution
		{598F1A29-6343-41F3-AD84-AEA4D4D8E832}.Debug|Any CPU.ActiveCfg = Debug|Any CPU
		{598F1A29-6343-41F3-AD84-AEA4D4D8E832}.Debug|Any CPU.Build.0 = Debug|Any CPU
		{598F1A29-6343-41F3-AD84-AEA4D4D8E832}.Release|Any CPU.ActiveCfg = Release|Any CPU
		{598F1A29-6343-41F3-AD84-AEA4D4D8E832}.Release|Any CPU.Build.0 = Release|Any CPU
		{47C5E247-B168-48B4-BBDA-1724F02576BB}.Debug|Any CPU.ActiveCfg = Debug|Any CPU
		{47C5E247-B168-48B4-BBDA-1724F02576BB}.Debug|Any CPU.Build.0 = Debug|Any CPU
		{47C5E247-B168-48B4-BBDA-1724F02576BB}.Release|Any CPU.ActiveCfg = Release|Any CPU
		{47C5E247-B168-48B4-BBDA-1724F02576BB}.Release|Any CPU.Build.0 = Release|Any CPU
		{0BD9B71E-DFAF-4979-94CA-9F322DBC64C2}.Debug|Any CPU.ActiveCfg = Debug|Any CPU
		{0BD9B71E-DFAF-4979-94CA-9F322DBC64C2}.Debug|Any CPU.Build.0 = Debug|Any CPU
		{0BD9B71E-DFAF-4979-94CA-9F322DBC64C2}.Release|Any CPU.ActiveCfg = Release|Any CPU
		{0BD9B71E-DFAF-4979-94CA-9F322DBC64C2}.Release|Any CPU.Build.0 = Release|Any CPU
		{CA3CEB07-2A5C-4805-B58C-96A272BD1A0E}.Debug|Any CPU.ActiveCfg = Debug|Any CPU
		{CA3CEB07-2A5C-4805-B58C-96A272BD1A0E}.Debug|Any CPU.Build.0 = Debug|Any CPU
		{CA3CEB07-2A5C-4805-B58C-96A272BD1A0E}.Release|Any CPU.ActiveCfg = Release|Any CPU
		{CA3CEB07-2A5C-4805-B58C-96A272BD1A0E}.Release|Any CPU.Build.0 = Release|Any CPU
		{93FD727F-20F8-439B-85F6-BB74EBC7B7C0}.Debug|Any CPU.ActiveCfg = Debug|Any CPU
		{93FD727F-20F8-439B-85F6-BB74EBC7B7C0}.Debug|Any CPU.Build.0 = Debug|Any CPU
		{93FD727F-20F8-439B-85F6-BB74EBC7B7C0}.Release|Any CPU.ActiveCfg = Release|Any CPU
		{93FD727F-20F8-439B-85F6-BB74EBC7B7C0}.Release|Any CPU.Build.0 = Release|Any CPU
		{287ABF9F-F70D-4EA6-BEC4-0B6B0818EB8C}.Debug|Any CPU.ActiveCfg = Debug|Any CPU
		{287ABF9F-F70D-4EA6-BEC4-0B6B0818EB8C}.Debug|Any CPU.Build.0 = Debug|Any CPU
		{287ABF9F-F70D-4EA6-BEC4-0B6B0818EB8C}.Release|Any CPU.ActiveCfg = Release|Any CPU
		{287ABF9F-F70D-4EA6-BEC4-0B6B0818EB8C}.Release|Any CPU.Build.0 = Release|Any CPU
		{C8616F8E-6940-4D48-B318-59E5656B3AAF}.Debug|Any CPU.ActiveCfg = Debug|Any CPU
		{C8616F8E-6940-4D48-B318-59E5656B3AAF}.Debug|Any CPU.Build.0 = Debug|Any CPU
		{C8616F8E-6940-4D48-B318-59E5656B3AAF}.Release|Any CPU.ActiveCfg = Release|Any CPU
		{C8616F8E-6940-4D48-B318-59E5656B3AAF}.Release|Any CPU.Build.0 = Release|Any CPU
		{DA47E158-AC23-48EB-9FEB-548CF4244D87}.Debug|Any CPU.ActiveCfg = Debug|Any CPU
		{DA47E158-AC23-48EB-9FEB-548CF4244D87}.Debug|Any CPU.Build.0 = Debug|Any CPU
		{DA47E158-AC23-48EB-9FEB-548CF4244D87}.Release|Any CPU.ActiveCfg = Release|Any CPU
		{DA47E158-AC23-48EB-9FEB-548CF4244D87}.Release|Any CPU.Build.0 = Release|Any CPU
	EndGlobalSection
	GlobalSection(SolutionProperties) = preSolution
		HideSolutionNode = FALSE
	EndGlobalSection
	GlobalSection(ExtensibilityGlobals) = postSolution
		SolutionGuid = {D9BC08E6-86E5-431D-AA68-BAFDF19BE6E5}
	EndGlobalSection
EndGlobal
