
Microsoft Visual Studio Solution File, Format Version 12.00
# Visual Studio Version 17
VisualStudioVersion = 17.1.32421.90
MinimumVisualStudioVersion = 10.0.40219.1
Project("{9A19103F-16F7-4668-BE54-9A1E7A4F7556}") = "EX1", "EX1\EX1.csproj", "{598F1A29-6343-41F3-AD84-AEA4D4D8E832}"
EndProject
Project("{9A19103F-16F7-4668-BE54-9A1E7A4F7556}") = "EX2", "EX2\EX2.csproj", "{47C5E247-B168-48B4-BBDA-1724F02576BB}"
EndProject
Project("{9A19103F-16F7-4668-BE54-9A1E7A4F7556}") = "EX3", "EX3\EX3.csproj", "{0BD9B71E-DFAF-4979-94CA-9F322DBC64C2}"
EndProject
Project("{FAE04EC0-301F-11D3-BF4B-00C04F79EFBC}") = "EX4", "EX4\EX4.csproj", "{CA3CEB07-2A5C-4805-B58C-96A272BD1A0E}"
EndProject
Global
	GlobalSection(SolutionConfigurationPlatforms) = preSolution
		Debug|Any CPU = Debug|Any CPU
		Release|Any CPU = Release|Any CPU
	EndGlobalSection
	GlobalSection(ProjectConfigurationPlatforms) = postSolution
		{598F1A29-6343-41F3-AD84-AEA4D4D8E832}.Debug|Any CPU.ActiveCfg = Debug|Any CPU
		{598F1A29-6343-41F3-AD84-AEA4D4D8E832}.Debug|Any CPU.Build.0 = Debug|Any CPU
		{598F1A29-6343-41F3-AD84-AEA4D4D8E832}.Release|Any CPU.ActiveCfg = Release|Any CPU
		{598F1A29-6343-41F3-AD84-AEA4D4D8E832}.Release|Any CPU.Build.0 = Release|Any CPU
		{47C5E247-B168-48B4-BBDA-1724F02576BB}.Debug|Any CPU.ActiveCfg = Debug|Any CPU
		{47C5E247-B168-48B4-BBDA-1724F02576BB}.Debug|Any CPU.Build.0 = Debug|Any CPU
		{47C5E247-B168-48B4-BBDA-1724F02576BB}.Release|Any CPU.ActiveCfg = Release|Any CPU
		{47C5E247-B168-48B4-BBDA-1724F02576BB}.Release|Any CPU.Build.0 = Release|Any CPU
		{0BD9B71E-DFAF-4979-94CA-9F322DBC64C2}.Debug|Any CPU.ActiveCfg = Debug|Any CPU
		{0BD9B71E-DFAF-4979-94CA-9F322DBC64C2}.Debug|Any CPU.Build.0 = Debug|Any CPU
		{0BD9B71E-DFAF-4979-94CA-9F322DBC64C2}.Release|Any CPU.ActiveCfg = Release|Any CPU
		{0BD9B71E-DFAF-4979-94CA-9F322DBC64C2}.Release|Any CPU.Build.0 = Release|Any CPU
		{CA3CEB07-2A5C-4805-B58C-96A272BD1A0E}.Debug|Any CPU.ActiveCfg = Debug|Any CPU
		{CA3CEB07-2A5C-4805-B58C-96A272BD1A0E}.Debug|Any CPU.Build.0 = Debug|Any CPU
		{CA3CEB07-2A5C-4805-B58C-96A272BD1A0E}.Release|Any CPU.ActiveCfg = Release|Any CPU
		{CA3CEB07-2A5C-4805-B58C-96A272BD1A0E}.Release|Any CPU.Build.0 = Release|Any CPU
	EndGlobalSection
	GlobalSection(SolutionProperties) = preSolution
		HideSolutionNode = FALSE
	EndGlobalSection
	GlobalSection(ExtensibilityGlobals) = postSolution
		SolutionGuid = {D9BC08E6-86E5-431D-AA68-BAFDF19BE6E5}
	EndGlobalSection
EndGlobal
